
Microsoft Visual Studio Solution File, Format Version 12.00
# Visual Studio Version 16
VisualStudioVersion = 16.0.31410.357
MinimumVisualStudioVersion = 10.0.40219.1
Project("{FAE04EC0-301F-11D3-BF4B-00C04F79EFBC}") = "Flying Bird Game Windows Form", "Flying Bird Game Windows Form\Flying Bird Game Windows Form.csproj", "{82E1F3C0-FCB5-49D8-9D74-58870496309A}"
EndProject
Global
	GlobalSection(SolutionConfigurationPlatforms) = preSolution
		Debug|Any CPU = Debug|Any CPU
		Release|Any CPU = Release|Any CPU
	EndGlobalSection
	GlobalSection(ProjectConfigurationPlatforms) = postSolution
		{82E1F3C0-FCB5-49D8-9D74-58870496309A}.Debug|Any CPU.ActiveCfg = Debug|Any CPU
		{82E1F3C0-FCB5-49D8-9D74-58870496309A}.Debug|Any CPU.Build.0 = Debug|Any CPU
		{82E1F3C0-FCB5-49D8-9D74-58870496309A}.Release|Any CPU.ActiveCfg = Release|Any CPU
		{82E1F3C0-FCB5-49D8-9D74-58870496309A}.Release|Any CPU.Build.0 = Release|Any CPU
	EndGlobalSection
	GlobalSection(SolutionProperties) = preSolution
		HideSolutionNode = FALSE
	EndGlobalSection
	GlobalSection(ExtensibilityGlobals) = postSolution
		SolutionGuid = {854F95A8-E2AC-4211-8C5F-5549E3F41D68}
	EndGlobalSection
EndGlobal
